
Microsoft Visual Studio Solution File, Format Version 12.00
Project("{FAE04EC0-301F-11D3-BF4B-00C04F79EFBC}") = "BackEnd", "BackEnd\BackEnd.csproj", "{0E573E5A-A7B1-474F-AB45-CAE580F96DF9}"
EndProject
Project("{FAE04EC0-301F-11D3-BF4B-00C04F79EFBC}") = "ECS", "ECS\ECS.csproj", "{CBEF456C-5B74-4927-B266-F271499DA8A5}"
EndProject
Global
	GlobalSection(SolutionConfigurationPlatforms) = preSolution
		Debug|Any CPU = Debug|Any CPU
		Release|Any CPU = Release|Any CPU
	EndGlobalSection
	GlobalSection(ProjectConfigurationPlatforms) = postSolution
		{0E573E5A-A7B1-474F-AB45-CAE580F96DF9}.Debug|Any CPU.ActiveCfg = Debug|Any CPU
		{0E573E5A-A7B1-474F-AB45-CAE580F96DF9}.Debug|Any CPU.Build.0 = Debug|Any CPU
		{0E573E5A-A7B1-474F-AB45-CAE580F96DF9}.Release|Any CPU.ActiveCfg = Release|Any CPU
		{0E573E5A-A7B1-474F-AB45-CAE580F96DF9}.Release|Any CPU.Build.0 = Release|Any CPU
		{CBEF456C-5B74-4927-B266-F271499DA8A5}.Debug|Any CPU.ActiveCfg = Debug|Any CPU
		{CBEF456C-5B74-4927-B266-F271499DA8A5}.Debug|Any CPU.Build.0 = Debug|Any CPU
		{CBEF456C-5B74-4927-B266-F271499DA8A5}.Release|Any CPU.ActiveCfg = Release|Any CPU
		{CBEF456C-5B74-4927-B266-F271499DA8A5}.Release|Any CPU.Build.0 = Release|Any CPU
	EndGlobalSection
EndGlobal
